// !$*UTF8*$!
{
	archiveVersion = 1;
	classes = {
	};
	objectVersion = 50;
	objects = {

/* Begin PBXBuildFile section */
		F2B4AFDD24AD7DE9008402EE /* AppDelegate.swift in Sources */ = {isa = PBXBuildFile; fileRef = F2B4AFDC24AD7DE9008402EE /* AppDelegate.swift */; };
		F2B4AFDF24AD7DE9008402EE /* SceneDelegate.swift in Sources */ = {isa = PBXBuildFile; fileRef = F2B4AFDE24AD7DE9008402EE /* SceneDelegate.swift */; };
		F2B4AFE124AD7DE9008402EE /* ContentView.swift in Sources */ = {isa = PBXBuildFile; fileRef = F2B4AFE024AD7DE9008402EE /* ContentView.swift */; };
		F2B4AFE324AD7DEB008402EE /* Assets.xcassets in Resources */ = {isa = PBXBuildFile; fileRef = F2B4AFE224AD7DEB008402EE /* Assets.xcassets */; };
		F2B4AFE624AD7DEB008402EE /* Preview Assets.xcassets in Resources */ = {isa = PBXBuildFile; fileRef = F2B4AFE524AD7DEB008402EE /* Preview Assets.xcassets */; };
		F2B4AFE924AD7DEB008402EE /* LaunchScreen.storyboard in Resources */ = {isa = PBXBuildFile; fileRef = F2B4AFE724AD7DEB008402EE /* LaunchScreen.storyboard */; };
/* End PBXBuildFile section */

/* Begin PBXFileReference section */
		F2B4AFD924AD7DE9008402EE /* SwiftUI_text_tutorial.app */ = {isa = PBXFileReference; explicitFileType = wrapper.application; includeInIndex = 0; path = SwiftUI_text_tutorial.app; sourceTree = BUILT_PRODUCTS_DIR; };
		F2B4AFDC24AD7DE9008402EE /* AppDelegate.swift */ = {isa = PBXFileReference; lastKnownFileType = sourcecode.swift; path = AppDelegate.swift; sourceTree = "<group>"; };
		F2B4AFDE24AD7DE9008402EE /* SceneDelegate.swift */ = {isa = PBXFileReference; lastKnownFileType = sourcecode.swift; path = SceneDelegate.swift; sourceTree = "<group>"; };
		F2B4AFE024AD7DE9008402EE /* ContentView.swift */ = {isa = PBXFileReference; lastKnownFileType = sourcecode.swift; path = ContentView.swift; sourceTree = "<group>"; };
		F2B4AFE224AD7DEB008402EE /* Assets.xcassets */ = {isa = PBXFileReference; lastKnownFileType = folder.assetcatalog; path = Assets.xcassets; sourceTree = "<group>"; };
		F2B4AFE524AD7DEB008402EE /* Preview Assets.xcassets */ = {isa = PBXFileReference; lastKnownFileType = folder.assetcatalog; path = "Preview Assets.xcassets"; sourceTree = "<group>"; };
		F2B4AFE824AD7DEB008402EE /* Base */ = {isa = PBXFileReference; lastKnownFileType = file.storyboard; name = Base; path = Base.lproj/LaunchScreen.storyboard; sourceTree = "<group>"; };
		F2B4AFEA24AD7DEB008402EE /* Info.plist */ = {isa = PBXFileReference; lastKnownFileType = text.plist.xml; path = Info.plist; sourceTree = "<group>"; };
/* End PBXFileReference section */

/* Begin PBXFrameworksBuildPhase section */
		F2B4AFD624AD7DE9008402EE /* Frameworks */ = {
			isa = PBXFrameworksBuildPhase;
			buildActionMask = 2147483647;
			files = (
			);
			runOnlyForDeploymentPostprocessing = 0;
		};
/* End PBXFrameworksBuildPhase section */

/* Begin PBXGroup section */
		F2B4AFD024AD7DE9008402EE = {
			isa = PBXGroup;
			children = (
				F2B4AFDB24AD7DE9008402EE /* SwiftUI_text_tutorial */,
				F2B4AFDA24AD7DE9008402EE /* Products */,
			);
			sourceTree = "<group>";
		};
		F2B4AFDA24AD7DE9008402EE /* Products */ = {
			isa = PBXGroup;
			children = (
				F2B4AFD924AD7DE9008402EE /* SwiftUI_text_tutorial.app */,
			);
			name = Products;
			sourceTree = "<group>";
		};
		F2B4AFDB24AD7DE9008402EE /* SwiftUI_text_tutorial */ = {
			isa = PBXGroup;
			children = (
				F2B4AFDC24AD7DE9008402EE /* AppDelegate.swift */,
				F2B4AFDE24AD7DE9008402EE /* SceneDelegate.swift */,
				F2B4AFE024AD7DE9008402EE /* ContentView.swift */,
				F2B4AFE224AD7DEB008402EE /* Assets.xcassets */,
				F2B4AFE724AD7DEB008402EE /* LaunchScreen.storyboard */,
				F2B4AFEA24AD7DEB008402EE /* Info.plist */,
				F2B4AFE424AD7DEB008402EE /* Preview Content */,
			);
			path = SwiftUI_text_tutorial;
			sourceTree = "<group>";
		};
		F2B4AFE424AD7DEB008402EE /* Preview Content */ = {
			isa = PBXGroup;
			children = (
				F2B4AFE524AD7DEB008402EE /* Preview Assets.xcassets */,
			);
			path = "Preview Content";
			sourceTree = "<group>";
		};
/* End PBXGroup section */

/* Begin PBXNativeTarget section */
		F2B4AFD824AD7DE9008402EE /* SwiftUI_text_tutorial */ = {
			isa = PBXNativeTarget;
			buildConfigurationList = F2B4AFED24AD7DEB008402EE /* Build configuration list for PBXNativeTarget "SwiftUI_text_tutorial" */;
			buildPhases = (
				F2B4AFD524AD7DE9008402EE /* Sources */,
				F2B4AFD624AD7DE9008402EE /* Frameworks */,
				F2B4AFD724AD7DE9008402EE /* Resources */,
			);
			buildRules = (
			);
			dependencies = (
			);
			name = SwiftUI_text_tutorial;
			productName = SwiftUI_text_tutorial;
			productReference = F2B4AFD924AD7DE9008402EE /* SwiftUI_text_tutorial.app */;
			productType = "com.apple.product-type.application";
		};
/* End PBXNativeTarget section */

/* Begin PBXProject section */
		F2B4AFD124AD7DE9008402EE /* Project object */ = {
			isa = PBXProject;
			attributes = {
				LastSwiftUpdateCheck = 1150;
				LastUpgradeCheck = 1150;
				ORGANIZATIONNAME = Tuentuenna;
				TargetAttributes = {
					F2B4AFD824AD7DE9008402EE = {
						CreatedOnToolsVersion = 11.5;
					};
				};
			};
			buildConfigurationList = F2B4AFD424AD7DE9008402EE /* Build configuration list for PBXProject "SwiftUI_text_tutorial" */;
			compatibilityVersion = "Xcode 9.3";
			developmentRegion = en;
			hasScannedForEncodings = 0;
			knownRegions = (
				en,
				Base,
			);
			mainGroup = F2B4AFD024AD7DE9008402EE;
			productRefGroup = F2B4AFDA24AD7DE9008402EE /* Products */;
			projectDirPath = "";
			projectRoot = "";
			targets = (
				F2B4AFD824AD7DE9008402EE /* SwiftUI_text_tutorial */,
			);
		};
/* End PBXProject section */

/* Begin PBXResourcesBuildPhase section */
		F2B4AFD724AD7DE9008402EE /* Resources */ = {
			isa = PBXResourcesBuildPhase;
			buildActionMask = 2147483647;
			files = (
				F2B4AFE924AD7DEB008402EE /* LaunchScreen.storyboard in Resources */,
				F2B4AFE624AD7DEB008402EE /* Preview Assets.xcassets in Resources */,
				F2B4AFE324AD7DEB008402EE /* Assets.xcassets in Resources */,
			);
			runOnlyForDeploymentPostprocessing = 0;
		};
/* End PBXResourcesBuildPhase section */

/* Begin PBXSourcesBuildPhase section */
		F2B4AFD524AD7DE9008402EE /* Sources */ = {
			isa = PBXSourcesBuildPhase;
			buildActionMask = 2147483647;
			files = (
				F2B4AFDD24AD7DE9008402EE /* AppDelegate.swift in Sources */,
				F2B4AFDF24AD7DE9008402EE /* SceneDelegate.swift in Sources */,
				F2B4AFE124AD7DE9008402EE /* ContentView.swift in Sources */,
			);
			runOnlyForDeploymentPostprocessing = 0;
		};
/* End PBXSourcesBuildPhase section */

/* Begin PBXVariantGroup section */
		F2B4AFE724AD7DEB008402EE /* LaunchScreen.storyboard */ = {
			isa = PBXVariantGroup;
			children = (
				F2B4AFE824AD7DEB008402EE /* Base */,
			);
			name = LaunchScreen.storyboard;
			sourceTree = "<group>";
		};
/* End PBXVariantGroup section */

/* Begin XCBuildConfiguration section */
		F2B4AFEB24AD7DEB008402EE /* Debug */ = {
			isa = XCBuildConfiguration;
			buildSettings = {
				ALWAYS_SEARCH_USER_PATHS = NO;
				CLANG_ANALYZER_NONNULL = YES;
				CLANG_ANALYZER_NUMBER_OBJECT_CONVERSION = YES_AGGRESSIVE;
				CLANG_CXX_LANGUAGE_STANDARD = "gnu++14";
				CLANG_CXX_LIBRARY = "libc++";
				CLANG_ENABLE_MODULES = YES;
				CLANG_ENABLE_OBJC_ARC = YES;
				CLANG_ENABLE_OBJC_WEAK = YES;
				CLANG_WARN_BLOCK_CAPTURE_AUTORELEASING = YES;
				CLANG_WARN_BOOL_CONVERSION = YES;
				CLANG_WARN_COMMA = YES;
				CLANG_WARN_CONSTANT_CONVERSION = YES;
				CLANG_WARN_DEPRECATED_OBJC_IMPLEMENTATIONS = YES;
				CLANG_WARN_DIRECT_OBJC_ISA_USAGE = YES_ERROR;
				CLANG_WARN_DOCUMENTATION_COMMENTS = YES;
				CLANG_WARN_EMPTY_BODY = YES;
				CLANG_WARN_ENUM_CONVERSION = YES;
				CLANG_WARN_INFINITE_RECURSION = YES;
				CLANG_WARN_INT_CONVERSION = YES;
				CLANG_WARN_NON_LITERAL_NULL_CONVERSION = YES;
				CLANG_WARN_OBJC_IMPLICIT_RETAIN_SELF = YES;
				CLANG_WARN_OBJC_LITERAL_CONVERSION = YES;
				CLANG_WARN_OBJC_ROOT_CLASS = YES_ERROR;
				CLANG_WARN_RANGE_LOOP_ANALYSIS = YES;
				CLANG_WARN_STRICT_PROTOTYPES = YES;
				CLANG_WARN_SUSPICIOUS_MOVE = YES;
				CLANG_WARN_UNGUARDED_AVAILABILITY = YES_AGGRESSIVE;
				CLANG_WARN_UNREACHABLE_CODE = YES;
				CLANG_WARN__DUPLICATE_METHOD_MATCH = YES;
				COPY_PHASE_STRIP = NO;
				DEBUG_INFORMATION_FORMAT = dwarf;
				ENABLE_STRICT_OBJC_MSGSEND = YES;
				ENABLE_TESTABILITY = YES;
				GCC_C_LANGUAGE_STANDARD = gnu11;
				GCC_DYNAMIC_NO_PIC = NO;
				GCC_NO_COMMON_BLOCKS = YES;
				GCC_OPTIMIZATION_LEVEL = 0;
				GCC_PREPROCESSOR_DEFINITIONS = (
					"DEBUG=1",
					"$(inherited)",
				);
				GCC_WARN_64_TO_32_BIT_CONVERSION = YES;
				GCC_WARN_ABOUT_RETURN_TYPE = YES_ERROR;
				GCC_WARN_UNDECLARED_SELECTOR = YES;
				GCC_WARN_UNINITIALIZED_AUTOS = YES_AGGRESSIVE;
				GCC_WARN_UNUSED_FUNCTION = YES;
				GCC_WARN_UNUSED_VARIABLE = YES;
				IPHONEOS_DEPLOYMENT_TARGET = 13.5;
				MTL_ENABLE_DEBUG_INFO = INCLUDE_SOURCE;
				MTL_FAST_MATH = YES;
				ONLY_ACTIVE_ARCH = YES;
				SDKROOT = iphoneos;
				SWIFT_ACTIVE_COMPILATION_CONDITIONS = DEBUG;
				SWIFT_OPTIMIZATION_LEVEL = "-Onone";
			};
			name = Debug;
		};
		F2B4AFEC24AD7DEB008402EE /* Release */ = {
			isa = XCBuildConfiguration;
			buildSettings = {
				ALWAYS_SEARCH_USER_PATHS = NO;
				CLANG_ANALYZER_NONNULL = YES;
				CLANG_ANALYZER_NUMBER_OBJECT_CONVERSION = YES_AGGRESSIVE;
				CLANG_CXX_LANGUAGE_STANDARD = "gnu++14";
				CLANG_CXX_LIBRARY = "libc++";
				CLANG_ENABLE_MODULES = YES;
				CLANG_ENABLE_OBJC_ARC = YES;
				CLANG_ENABLE_OBJC_WEAK = YES;
				CLANG_WARN_BLOCK_CAPTURE_AUTORELEASING = YES;
				CLANG_WARN_BOOL_CONVERSION = YES;
				CLANG_WARN_COMMA = YES;
				CLANG_WARN_CONSTANT_CONVERSION = YES;
				CLANG_WARN_DEPRECATED_OBJC_IMPLEMENTATIONS = YES;
				CLANG_WARN_DIRECT_OBJC_ISA_USAGE = YES_ERROR;
				CLANG_WARN_DOCUMENTATION_COMMENTS = YES;
				CLANG_WARN_EMPTY_BODY = YES;
				CLANG_WARN_ENUM_CONVERSION = YES;
				CLANG_WARN_INFINITE_RECURSION = YES;
				CLANG_WARN_INT_CONVERSION = YES;
				CLANG_WARN_NON_LITERAL_NULL_CONVERSION = YES;
				CLANG_WARN_OBJC_IMPLICIT_RETAIN_SELF = YES;
				CLANG_WARN_OBJC_LITERAL_CONVERSION = YES;
				CLANG_WARN_OBJC_ROOT_CLASS = YES_ERROR;
				CLANG_WARN_RANGE_LOOP_ANALYSIS = YES;
				CLANG_WARN_STRICT_PROTOTYPES = YES;
				CLANG_WARN_SUSPICIOUS_MOVE = YES;
				CLANG_WARN_UNGUARDED_AVAILABILITY = YES_AGGRESSIVE;
				CLANG_WARN_UNREACHABLE_CODE = YES;
				CLANG_WARN__DUPLICATE_METHOD_MATCH = YES;
				COPY_PHASE_STRIP = NO;
				DEBUG_INFORMATION_FORMAT = "dwarf-with-dsym";
				ENABLE_NS_ASSERTIONS = NO;
				ENABLE_STRICT_OBJC_MSGSEND = YES;
				GCC_C_LANGUAGE_STANDARD = gnu11;
				GCC_NO_COMMON_BLOCKS = YES;
				GCC_WARN_64_TO_32_BIT_CONVERSION = YES;
				GCC_WARN_ABOUT_RETURN_TYPE = YES_ERROR;
				GCC_WARN_UNDECLARED_SELECTOR = YES;
				GCC_WARN_UNINITIALIZED_AUTOS = YES_AGGRESSIVE;
				GCC_WARN_UNUSED_FUNCTION = YES;
				GCC_WARN_UNUSED_VARIABLE = YES;
				IPHONEOS_DEPLOYMENT_TARGET = 13.5;
				MTL_ENABLE_DEBUG_INFO = NO;
				MTL_FAST_MATH = YES;
				SDKROOT = iphoneos;
				SWIFT_COMPILATION_MODE = wholemodule;
				SWIFT_OPTIMIZATION_LEVEL = "-O";
				VALIDATE_PRODUCT = YES;
			};
			name = Release;
		};
		F2B4AFEE24AD7DEB008402EE /* Debug */ = {
			isa = XCBuildConfiguration;
			buildSettings = {
				ASSETCATALOG_COMPILER_APPICON_NAME = AppIcon;
				CODE_SIGN_STYLE = Automatic;
				DEVELOPMENT_ASSET_PATHS = "\"SwiftUI_text_tutorial/Preview Content\"";
				DEVELOPMENT_TEAM = 67XDG42679;
				ENABLE_PREVIEWS = YES;
				INFOPLIST_FILE = SwiftUI_text_tutorial/Info.plist;
				LD_RUNPATH_SEARCH_PATHS = (
					"$(inherited)",
					"@executable_path/Frameworks",
				);
				PRODUCT_BUNDLE_IDENTIFIER = "com.tuentuenna.SwiftUI-text-tutorial";
				PRODUCT_NAME = "$(TARGET_NAME)";
				SWIFT_VERSION = 5.0;
				TARGETED_DEVICE_FAMILY = "1,2";
			};
			name = Debug;
		};
		F2B4AFEF24AD7DEB008402EE /* Release */ = {
			isa = XCBuildConfiguration;
			buildSettings = {
				ASSETCATALOG_COMPILER_APPICON_NAME = AppIcon;
				CODE_SIGN_STYLE = Automatic;
				DEVELOPMENT_ASSET_PATHS = "\"SwiftUI_text_tutorial/Preview Content\"";
				DEVELOPMENT_TEAM = 67XDG42679;
				ENABLE_PREVIEWS = YES;
				INFOPLIST_FILE = SwiftUI_text_tutorial/Info.plist;
				LD_RUNPATH_SEARCH_PATHS = (
					"$(inherited)",
					"@executable_path/Frameworks",
				);
				PRODUCT_BUNDLE_IDENTIFIER = "com.tuentuenna.SwiftUI-text-tutorial";
				PRODUCT_NAME = "$(TARGET_NAME)";
				SWIFT_VERSION = 5.0;
				TARGETED_DEVICE_FAMILY = "1,2";
			};
			name = Release;
		};
/* End XCBuildConfiguration section */

/* Begin XCConfigurationList section */
		F2B4AFD424AD7DE9008402EE /* Build configuration list for PBXProject "SwiftUI_text_tutorial" */ = {
			isa = XCConfigurationList;
			buildConfigurations = (
				F2B4AFEB24AD7DEB008402EE /* Debug */,
				F2B4AFEC24AD7DEB008402EE /* Release */,
			);
			defaultConfigurationIsVisible = 0;
			defaultConfigurationName = Release;
		};
		F2B4AFED24AD7DEB008402EE /* Build configuration list for PBXNativeTarget "SwiftUI_text_tutorial" */ = {
			isa = XCConfigurationList;
			buildConfigurations = (
				F2B4AFEE24AD7DEB008402EE /* Debug */,
				F2B4AFEF24AD7DEB008402EE /* Release */,
			);
			defaultConfigurationIsVisible = 0;
			defaultConfigurationName = Release;
		};
/* End XCConfigurationList section */
	};
	rootObject = F2B4AFD124AD7DE9008402EE /* Project object */;
}
